
Microsoft Visual Studio Solution File, Format Version 12.00
Project("{FAE04EC0-301F-11D3-BF4B-00C04F79EFBC}") = "About", "About\About.csproj", "{543F7576-8C65-43D6-BA66-4631FFBB31EF}"
EndProject
Global
	GlobalSection(SolutionConfigurationPlatforms) = preSolution
		Debug|Any CPU = Debug|Any CPU
		Release|Any CPU = Release|Any CPU
	EndGlobalSection
	GlobalSection(ProjectConfigurationPlatforms) = postSolution
		{543F7576-8C65-43D6-BA66-4631FFBB31EF}.Debug|Any CPU.ActiveCfg = Debug|Any CPU
		{543F7576-8C65-43D6-BA66-4631FFBB31EF}.Debug|Any CPU.Build.0 = Debug|Any CPU
		{543F7576-8C65-43D6-BA66-4631FFBB31EF}.Release|Any CPU.ActiveCfg = Release|Any CPU
		{543F7576-8C65-43D6-BA66-4631FFBB31EF}.Release|Any CPU.Build.0 = Release|Any CPU
	EndGlobalSection
EndGlobal
